DEPENDENCIES
  mysql (~> 6.1.2)
  ruby_rbenv (~> 1.0.1)

GRAPH
  apt (2.9.2)
  java (1.36.0)
    apt (>= 0.0.0)
  mysql (6.1.2)
    smf (>= 0.0.0)
    yum-mysql-community (>= 0.0.0)
  rbac (1.0.3)
  ruby_build (0.8.0)
  ruby_rbenv (1.0.1)
    java (> 1.4.0)
    ruby_build (>= 0.0.0)
  smf (2.2.7)
    rbac (>= 1.0.1)
  yum (3.8.2)
  yum-mysql-community (0.1.19)
    yum (>= 3.2)
